
Microsoft Visual Studio Solution File, Format Version 12.00
# Visual Studio Version 17
VisualStudioVersion = 17.0.32002.185
MinimumVisualStudioVersion = 10.0.40219.1
Project("{FAE04EC0-301F-11D3-BF4B-00C04F79EFBC}") = "Simplic.ServicePlatform", "Simplic.ServicePlatform\Simplic.ServicePlatform.csproj", "{A1130BB8-71E4-4CE6-AB45-2DD3585E4877}"
EndProject
Project("{FAE04EC0-301F-11D3-BF4B-00C04F79EFBC}") = "Simplic.ServicePlatform.Data.DB", "Simplic.ServicePlatform.Data.DB\Simplic.ServicePlatform.Data.DB.csproj", "{4900E298-405A-4E15-AF9C-A1F6D9A90B62}"
EndProject
Project("{FAE04EC0-301F-11D3-BF4B-00C04F79EFBC}") = "Simplic.ServicePlatform.Service", "Simplic.ServicePlatform.Service\Simplic.ServicePlatform.Service.csproj", "{39CD0169-1D4D-4A92-9946-7A8AB701CD6C}"
EndProject
Global
	GlobalSection(SolutionConfigurationPlatforms) = preSolution
		Debug|Any CPU = Debug|Any CPU
		Release|Any CPU = Release|Any CPU
	EndGlobalSection
	GlobalSection(ProjectConfigurationPlatforms) = postSolution
		{A1130BB8-71E4-4CE6-AB45-2DD3585E4877}.Debug|Any CPU.ActiveCfg = Debug|Any CPU
		{A1130BB8-71E4-4CE6-AB45-2DD3585E4877}.Debug|Any CPU.Build.0 = Debug|Any CPU
		{A1130BB8-71E4-4CE6-AB45-2DD3585E4877}.Release|Any CPU.ActiveCfg = Release|Any CPU
		{A1130BB8-71E4-4CE6-AB45-2DD3585E4877}.Release|Any CPU.Build.0 = Release|Any CPU
		{4900E298-405A-4E15-AF9C-A1F6D9A90B62}.Debug|Any CPU.ActiveCfg = Debug|Any CPU
		{4900E298-405A-4E15-AF9C-A1F6D9A90B62}.Debug|Any CPU.Build.0 = Debug|Any CPU
		{4900E298-405A-4E15-AF9C-A1F6D9A90B62}.Release|Any CPU.ActiveCfg = Release|Any CPU
		{4900E298-405A-4E15-AF9C-A1F6D9A90B62}.Release|Any CPU.Build.0 = Release|Any CPU
		{39CD0169-1D4D-4A92-9946-7A8AB701CD6C}.Debug|Any CPU.ActiveCfg = Debug|Any CPU
		{39CD0169-1D4D-4A92-9946-7A8AB701CD6C}.Debug|Any CPU.Build.0 = Debug|Any CPU
		{39CD0169-1D4D-4A92-9946-7A8AB701CD6C}.Release|Any CPU.ActiveCfg = Release|Any CPU
		{39CD0169-1D4D-4A92-9946-7A8AB701CD6C}.Release|Any CPU.Build.0 = Release|Any CPU
	EndGlobalSection
	GlobalSection(SolutionProperties) = preSolution
		HideSolutionNode = FALSE
	EndGlobalSection
	GlobalSection(ExtensibilityGlobals) = postSolution
		SolutionGuid = {ECF9CC48-3322-44B6-ADAF-835538CBFB83}
	EndGlobalSection
EndGlobal
